
Microsoft Visual Studio Solution File, Format Version 12.00
# Visual Studio Version 16
VisualStudioVersion = 16.0.29326.143
MinimumVisualStudioVersion = 15.0.26124.0
Project("{9A19103F-16F7-4668-BE54-9A1E7A4F7556}") = "Api", "Api\Api.csproj", "{228F4E4D-61E3-4A1B-87AA-1ACBED12C94A}"
EndProject
Project("{9A19103F-16F7-4668-BE54-9A1E7A4F7556}") = "Client", "Client\Client.csproj", "{DC677860-86C8-4EB9-97D2-A2DC353D0DCC}"
EndProject
Project("{9A19103F-16F7-4668-BE54-9A1E7A4F7556}") = "IdentityServer", "IdentityServer\IdentityServer.csproj", "{FD2EB23B-AD9C-4252-A528-59539222AFDE}"
EndProject
Project("{9A19103F-16F7-4668-BE54-9A1E7A4F7556}") = "MvcClient", "MvcClient\MvcClient.csproj", "{EE1CCEAF-6ED3-4E15-89E4-89DBB4840A02}"
EndProject
Project("{9A19103F-16F7-4668-BE54-9A1E7A4F7556}") = "IdentityServer.Data", "IdentityServer.Data\IdentityServer.Data.csproj", "{CA9D5512-985A-44B7-BF62-9E71EE7E7427}"
EndProject
Project("{9A19103F-16F7-4668-BE54-9A1E7A4F7556}") = "IdentityServer.Common", "IdentityServer.Common\IdentityServer.Common.csproj", "{2EEA3820-8517-4C8B-8A3A-5FFB857A9C04}"
EndProject
Project("{00D1A9C2-B5F0-4AF3-8072-F6C62B433612}") = "AuthServer.Sql", "AuthServer.Sql\AuthServer.Sql.sqlproj", "{42C58FAB-55C2-46BF-8BEF-2CA5955043B4}"
EndProject
Project("{9A19103F-16F7-4668-BE54-9A1E7A4F7556}") = "Hasher", "AuthServer.Hasher\Hasher.csproj", "{62C4EF6F-F601-4475-AA55-67C3D2CC7320}"
EndProject
Project("{FAE04EC0-301F-11D3-BF4B-00C04F79EFBC}") = "JsClient", "JsClient\JsClient.csproj", "{0B65D6CB-87B3-4A3C-8FAE-23F106A441AB}"
EndProject
Global
	GlobalSection(SolutionConfigurationPlatforms) = preSolution
		Debug|Any CPU = Debug|Any CPU
		Debug|x64 = Debug|x64
		Debug|x86 = Debug|x86
		Release|Any CPU = Release|Any CPU
		Release|x64 = Release|x64
		Release|x86 = Release|x86
	EndGlobalSection
	GlobalSection(ProjectConfigurationPlatforms) = postSolution
		{228F4E4D-61E3-4A1B-87AA-1ACBED12C94A}.Debug|Any CPU.ActiveCfg = Debug|Any CPU
		{228F4E4D-61E3-4A1B-87AA-1ACBED12C94A}.Debug|Any CPU.Build.0 = Debug|Any CPU
		{228F4E4D-61E3-4A1B-87AA-1ACBED12C94A}.Debug|x64.ActiveCfg = Debug|Any CPU
		{228F4E4D-61E3-4A1B-87AA-1ACBED12C94A}.Debug|x64.Build.0 = Debug|Any CPU
		{228F4E4D-61E3-4A1B-87AA-1ACBED12C94A}.Debug|x86.ActiveCfg = Debug|Any CPU
		{228F4E4D-61E3-4A1B-87AA-1ACBED12C94A}.Debug|x86.Build.0 = Debug|Any CPU
		{228F4E4D-61E3-4A1B-87AA-1ACBED12C94A}.Release|Any CPU.ActiveCfg = Release|Any CPU
		{228F4E4D-61E3-4A1B-87AA-1ACBED12C94A}.Release|Any CPU.Build.0 = Release|Any CPU
		{228F4E4D-61E3-4A1B-87AA-1ACBED12C94A}.Release|x64.ActiveCfg = Release|Any CPU
		{228F4E4D-61E3-4A1B-87AA-1ACBED12C94A}.Release|x64.Build.0 = Release|Any CPU
		{228F4E4D-61E3-4A1B-87AA-1ACBED12C94A}.Release|x86.ActiveCfg = Release|Any CPU
		{228F4E4D-61E3-4A1B-87AA-1ACBED12C94A}.Release|x86.Build.0 = Release|Any CPU
		{DC677860-86C8-4EB9-97D2-A2DC353D0DCC}.Debug|Any CPU.ActiveCfg = Debug|Any CPU
		{DC677860-86C8-4EB9-97D2-A2DC353D0DCC}.Debug|Any CPU.Build.0 = Debug|Any CPU
		{DC677860-86C8-4EB9-97D2-A2DC353D0DCC}.Debug|x64.ActiveCfg = Debug|Any CPU
		{DC677860-86C8-4EB9-97D2-A2DC353D0DCC}.Debug|x64.Build.0 = Debug|Any CPU
		{DC677860-86C8-4EB9-97D2-A2DC353D0DCC}.Debug|x86.ActiveCfg = Debug|Any CPU
		{DC677860-86C8-4EB9-97D2-A2DC353D0DCC}.Debug|x86.Build.0 = Debug|Any CPU
		{DC677860-86C8-4EB9-97D2-A2DC353D0DCC}.Release|Any CPU.ActiveCfg = Release|Any CPU
		{DC677860-86C8-4EB9-97D2-A2DC353D0DCC}.Release|Any CPU.Build.0 = Release|Any CPU
		{DC677860-86C8-4EB9-97D2-A2DC353D0DCC}.Release|x64.ActiveCfg = Release|Any CPU
		{DC677860-86C8-4EB9-97D2-A2DC353D0DCC}.Release|x64.Build.0 = Release|Any CPU
		{DC677860-86C8-4EB9-97D2-A2DC353D0DCC}.Release|x86.ActiveCfg = Release|Any CPU
		{DC677860-86C8-4EB9-97D2-A2DC353D0DCC}.Release|x86.Build.0 = Release|Any CPU
		{FD2EB23B-AD9C-4252-A528-59539222AFDE}.Debug|Any CPU.ActiveCfg = Debug|Any CPU
		{FD2EB23B-AD9C-4252-A528-59539222AFDE}.Debug|Any CPU.Build.0 = Debug|Any CPU
		{FD2EB23B-AD9C-4252-A528-59539222AFDE}.Debug|x64.ActiveCfg = Debug|Any CPU
		{FD2EB23B-AD9C-4252-A528-59539222AFDE}.Debug|x64.Build.0 = Debug|Any CPU
		{FD2EB23B-AD9C-4252-A528-59539222AFDE}.Debug|x86.ActiveCfg = Debug|Any CPU
		{FD2EB23B-AD9C-4252-A528-59539222AFDE}.Debug|x86.Build.0 = Debug|Any CPU
		{FD2EB23B-AD9C-4252-A528-59539222AFDE}.Release|Any CPU.ActiveCfg = Release|Any CPU
		{FD2EB23B-AD9C-4252-A528-59539222AFDE}.Release|Any CPU.Build.0 = Release|Any CPU
		{FD2EB23B-AD9C-4252-A528-59539222AFDE}.Release|x64.ActiveCfg = Release|Any CPU
		{FD2EB23B-AD9C-4252-A528-59539222AFDE}.Release|x64.Build.0 = Release|Any CPU
		{FD2EB23B-AD9C-4252-A528-59539222AFDE}.Release|x86.ActiveCfg = Release|Any CPU
		{FD2EB23B-AD9C-4252-A528-59539222AFDE}.Release|x86.Build.0 = Release|Any CPU
		{EE1CCEAF-6ED3-4E15-89E4-89DBB4840A02}.Debug|Any CPU.ActiveCfg = Debug|Any CPU
		{EE1CCEAF-6ED3-4E15-89E4-89DBB4840A02}.Debug|Any CPU.Build.0 = Debug|Any CPU
		{EE1CCEAF-6ED3-4E15-89E4-89DBB4840A02}.Debug|x64.ActiveCfg = Debug|Any CPU
		{EE1CCEAF-6ED3-4E15-89E4-89DBB4840A02}.Debug|x64.Build.0 = Debug|Any CPU
		{EE1CCEAF-6ED3-4E15-89E4-89DBB4840A02}.Debug|x86.ActiveCfg = Debug|Any CPU
		{EE1CCEAF-6ED3-4E15-89E4-89DBB4840A02}.Debug|x86.Build.0 = Debug|Any CPU
		{EE1CCEAF-6ED3-4E15-89E4-89DBB4840A02}.Release|Any CPU.ActiveCfg = Release|Any CPU
		{EE1CCEAF-6ED3-4E15-89E4-89DBB4840A02}.Release|Any CPU.Build.0 = Release|Any CPU
		{EE1CCEAF-6ED3-4E15-89E4-89DBB4840A02}.Release|x64.ActiveCfg = Release|Any CPU
		{EE1CCEAF-6ED3-4E15-89E4-89DBB4840A02}.Release|x64.Build.0 = Release|Any CPU
		{EE1CCEAF-6ED3-4E15-89E4-89DBB4840A02}.Release|x86.ActiveCfg = Release|Any CPU
		{EE1CCEAF-6ED3-4E15-89E4-89DBB4840A02}.Release|x86.Build.0 = Release|Any CPU
		{CA9D5512-985A-44B7-BF62-9E71EE7E7427}.Debug|Any CPU.ActiveCfg = Debug|Any CPU
		{CA9D5512-985A-44B7-BF62-9E71EE7E7427}.Debug|Any CPU.Build.0 = Debug|Any CPU
		{CA9D5512-985A-44B7-BF62-9E71EE7E7427}.Debug|x64.ActiveCfg = Debug|Any CPU
		{CA9D5512-985A-44B7-BF62-9E71EE7E7427}.Debug|x64.Build.0 = Debug|Any CPU
		{CA9D5512-985A-44B7-BF62-9E71EE7E7427}.Debug|x86.ActiveCfg = Debug|Any CPU
		{CA9D5512-985A-44B7-BF62-9E71EE7E7427}.Debug|x86.Build.0 = Debug|Any CPU
		{CA9D5512-985A-44B7-BF62-9E71EE7E7427}.Release|Any CPU.ActiveCfg = Release|Any CPU
		{CA9D5512-985A-44B7-BF62-9E71EE7E7427}.Release|Any CPU.Build.0 = Release|Any CPU
		{CA9D5512-985A-44B7-BF62-9E71EE7E7427}.Release|x64.ActiveCfg = Release|Any CPU
		{CA9D5512-985A-44B7-BF62-9E71EE7E7427}.Release|x64.Build.0 = Release|Any CPU
		{CA9D5512-985A-44B7-BF62-9E71EE7E7427}.Release|x86.ActiveCfg = Release|Any CPU
		{CA9D5512-985A-44B7-BF62-9E71EE7E7427}.Release|x86.Build.0 = Release|Any CPU
		{2EEA3820-8517-4C8B-8A3A-5FFB857A9C04}.Debug|Any CPU.ActiveCfg = Debug|Any CPU
		{2EEA3820-8517-4C8B-8A3A-5FFB857A9C04}.Debug|Any CPU.Build.0 = Debug|Any CPU
		{2EEA3820-8517-4C8B-8A3A-5FFB857A9C04}.Debug|x64.ActiveCfg = Debug|Any CPU
		{2EEA3820-8517-4C8B-8A3A-5FFB857A9C04}.Debug|x64.Build.0 = Debug|Any CPU
		{2EEA3820-8517-4C8B-8A3A-5FFB857A9C04}.Debug|x86.ActiveCfg = Debug|Any CPU
		{2EEA3820-8517-4C8B-8A3A-5FFB857A9C04}.Debug|x86.Build.0 = Debug|Any CPU
		{2EEA3820-8517-4C8B-8A3A-5FFB857A9C04}.Release|Any CPU.ActiveCfg = Release|Any CPU
		{2EEA3820-8517-4C8B-8A3A-5FFB857A9C04}.Release|Any CPU.Build.0 = Release|Any CPU
		{2EEA3820-8517-4C8B-8A3A-5FFB857A9C04}.Release|x64.ActiveCfg = Release|Any CPU
		{2EEA3820-8517-4C8B-8A3A-5FFB857A9C04}.Release|x64.Build.0 = Release|Any CPU
		{2EEA3820-8517-4C8B-8A3A-5FFB857A9C04}.Release|x86.ActiveCfg = Release|Any CPU
		{2EEA3820-8517-4C8B-8A3A-5FFB857A9C04}.Release|x86.Build.0 = Release|Any CPU
		{42C58FAB-55C2-46BF-8BEF-2CA5955043B4}.Debug|Any CPU.ActiveCfg = Debug|Any CPU
		{42C58FAB-55C2-46BF-8BEF-2CA5955043B4}.Debug|Any CPU.Build.0 = Debug|Any CPU
		{42C58FAB-55C2-46BF-8BEF-2CA5955043B4}.Debug|Any CPU.Deploy.0 = Debug|Any CPU
		{42C58FAB-55C2-46BF-8BEF-2CA5955043B4}.Debug|x64.ActiveCfg = Debug|Any CPU
		{42C58FAB-55C2-46BF-8BEF-2CA5955043B4}.Debug|x64.Build.0 = Debug|Any CPU
		{42C58FAB-55C2-46BF-8BEF-2CA5955043B4}.Debug|x64.Deploy.0 = Debug|Any CPU
		{42C58FAB-55C2-46BF-8BEF-2CA5955043B4}.Debug|x86.ActiveCfg = Debug|Any CPU
		{42C58FAB-55C2-46BF-8BEF-2CA5955043B4}.Debug|x86.Build.0 = Debug|Any CPU
		{42C58FAB-55C2-46BF-8BEF-2CA5955043B4}.Debug|x86.Deploy.0 = Debug|Any CPU
		{42C58FAB-55C2-46BF-8BEF-2CA5955043B4}.Release|Any CPU.ActiveCfg = Release|Any CPU
		{42C58FAB-55C2-46BF-8BEF-2CA5955043B4}.Release|Any CPU.Build.0 = Release|Any CPU
		{42C58FAB-55C2-46BF-8BEF-2CA5955043B4}.Release|Any CPU.Deploy.0 = Release|Any CPU
		{42C58FAB-55C2-46BF-8BEF-2CA5955043B4}.Release|x64.ActiveCfg = Release|Any CPU
		{42C58FAB-55C2-46BF-8BEF-2CA5955043B4}.Release|x64.Build.0 = Release|Any CPU
		{42C58FAB-55C2-46BF-8BEF-2CA5955043B4}.Release|x64.Deploy.0 = Release|Any CPU
		{42C58FAB-55C2-46BF-8BEF-2CA5955043B4}.Release|x86.ActiveCfg = Release|Any CPU
		{42C58FAB-55C2-46BF-8BEF-2CA5955043B4}.Release|x86.Build.0 = Release|Any CPU
		{42C58FAB-55C2-46BF-8BEF-2CA5955043B4}.Release|x86.Deploy.0 = Release|Any CPU
		{62C4EF6F-F601-4475-AA55-67C3D2CC7320}.Debug|Any CPU.ActiveCfg = Debug|Any CPU
		{62C4EF6F-F601-4475-AA55-67C3D2CC7320}.Debug|Any CPU.Build.0 = Debug|Any CPU
		{62C4EF6F-F601-4475-AA55-67C3D2CC7320}.Debug|x64.ActiveCfg = Debug|Any CPU
		{62C4EF6F-F601-4475-AA55-67C3D2CC7320}.Debug|x64.Build.0 = Debug|Any CPU
		{62C4EF6F-F601-4475-AA55-67C3D2CC7320}.Debug|x86.ActiveCfg = Debug|Any CPU
		{62C4EF6F-F601-4475-AA55-67C3D2CC7320}.Debug|x86.Build.0 = Debug|Any CPU
		{62C4EF6F-F601-4475-AA55-67C3D2CC7320}.Release|Any CPU.ActiveCfg = Release|Any CPU
		{62C4EF6F-F601-4475-AA55-67C3D2CC7320}.Release|Any CPU.Build.0 = Release|Any CPU
		{62C4EF6F-F601-4475-AA55-67C3D2CC7320}.Release|x64.ActiveCfg = Release|Any CPU
		{62C4EF6F-F601-4475-AA55-67C3D2CC7320}.Release|x64.Build.0 = Release|Any CPU
		{62C4EF6F-F601-4475-AA55-67C3D2CC7320}.Release|x86.ActiveCfg = Release|Any CPU
		{62C4EF6F-F601-4475-AA55-67C3D2CC7320}.Release|x86.Build.0 = Release|Any CPU
		{0B65D6CB-87B3-4A3C-8FAE-23F106A441AB}.Debug|Any CPU.ActiveCfg = Debug|Any CPU
		{0B65D6CB-87B3-4A3C-8FAE-23F106A441AB}.Debug|Any CPU.Build.0 = Debug|Any CPU
		{0B65D6CB-87B3-4A3C-8FAE-23F106A441AB}.Debug|x64.ActiveCfg = Debug|Any CPU
		{0B65D6CB-87B3-4A3C-8FAE-23F106A441AB}.Debug|x64.Build.0 = Debug|Any CPU
		{0B65D6CB-87B3-4A3C-8FAE-23F106A441AB}.Debug|x86.ActiveCfg = Debug|Any CPU
		{0B65D6CB-87B3-4A3C-8FAE-23F106A441AB}.Debug|x86.Build.0 = Debug|Any CPU
		{0B65D6CB-87B3-4A3C-8FAE-23F106A441AB}.Release|Any CPU.ActiveCfg = Release|Any CPU
		{0B65D6CB-87B3-4A3C-8FAE-23F106A441AB}.Release|Any CPU.Build.0 = Release|Any CPU
		{0B65D6CB-87B3-4A3C-8FAE-23F106A441AB}.Release|x64.ActiveCfg = Release|Any CPU
		{0B65D6CB-87B3-4A3C-8FAE-23F106A441AB}.Release|x64.Build.0 = Release|Any CPU
		{0B65D6CB-87B3-4A3C-8FAE-23F106A441AB}.Release|x86.ActiveCfg = Release|Any CPU
		{0B65D6CB-87B3-4A3C-8FAE-23F106A441AB}.Release|x86.Build.0 = Release|Any CPU
	EndGlobalSection
	GlobalSection(SolutionProperties) = preSolution
		HideSolutionNode = FALSE
	EndGlobalSection
	GlobalSection(ExtensibilityGlobals) = postSolution
		SolutionGuid = {84D5AF06-1243-46F1-9D58-70ED572832C3}
	EndGlobalSection
EndGlobal
